// !$*UTF8*$!
{
	archiveVersion = 1;
	classes = {
	};
	objectVersion = 54;
	objects = {

/* Begin PBXBuildFile section */
		2D23057E26F1FE520028CB07 /* Tests_iOS.swift in Sources */ = {isa = PBXBuildFile; fileRef = 2D23057D26F1FE520028CB07 /* Tests_iOS.swift */; };
		2D23058926F1FE520028CB07 /* Tests_macOS.swift in Sources */ = {isa = PBXBuildFile; fileRef = 2D23058826F1FE520028CB07 /* Tests_macOS.swift */; };
		2D23058B26F1FE520028CB07 /* iOS_OSX_RustLibrary_DemoApp.swift in Sources */ = {isa = PBXBuildFile; fileRef = 2D23056226F1FE510028CB07 /* iOS_OSX_RustLibrary_DemoApp.swift */; };
		2D23058C26F1FE520028CB07 /* iOS_OSX_RustLibrary_DemoApp.swift in Sources */ = {isa = PBXBuildFile; fileRef = 2D23056226F1FE510028CB07 /* iOS_OSX_RustLibrary_DemoApp.swift */; };
		2D23058D26F1FE520028CB07 /* ContentView.swift in Sources */ = {isa = PBXBuildFile; fileRef = 2D23056326F1FE510028CB07 /* ContentView.swift */; };
		2D23058E26F1FE520028CB07 /* ContentView.swift in Sources */ = {isa = PBXBuildFile; fileRef = 2D23056326F1FE510028CB07 /* ContentView.swift */; };
		2D23058F26F1FE520028CB07 /* Assets.xcassets in Resources */ = {isa = PBXBuildFile; fileRef = 2D23056426F1FE520028CB07 /* Assets.xcassets */; };
		2D23059026F1FE520028CB07 /* Assets.xcassets in Resources */ = {isa = PBXBuildFile; fileRef = 2D23056426F1FE520028CB07 /* Assets.xcassets */; };
		2D2305AA26F2087E0028CB07 /* README.md in Resources */ = {isa = PBXBuildFile; fileRef = 2D2305A926F2087E0028CB07 /* README.md */; };
		2D2305AC26F208C40028CB07 /* libresolv.tbd in Frameworks */ = {isa = PBXBuildFile; fileRef = 2D2305AB26F208C40028CB07 /* libresolv.tbd */; };
		2D2305AF26F20AD70028CB07 /* RustLibraryInterface.swift in Sources */ = {isa = PBXBuildFile; fileRef = 2D2305AE26F20AD70028CB07 /* RustLibraryInterface.swift */; };
		2D8D915326F213AD004DD4BB /* RustLibraryInterface.swift in Sources */ = {isa = PBXBuildFile; fileRef = 2D2305AE26F20AD70028CB07 /* RustLibraryInterface.swift */; };
		2D8D915626F213DB004DD4BB /* libresolv.tbd in Frameworks */ = {isa = PBXBuildFile; fileRef = 2D8D915526F213DB004DD4BB /* libresolv.tbd */; };
		2D8D927426F21C50004DD4BB /* Cargo.toml in Resources */ = {isa = PBXBuildFile; fileRef = 2D8D915926F21C50004DD4BB /* Cargo.toml */; };
		2D8D934F26F21C52004DD4BB /* lib.rs in Resources */ = {isa = PBXBuildFile; fileRef = 2D8D927226F21C50004DD4BB /* lib.rs */; };
		2DD8598F26F2443500A86606 /* RustLibrary in Frameworks */ = {isa = PBXBuildFile; productRef = 2DD8598E26F2443500A86606 /* RustLibrary */; };
/* End PBXBuildFile section */

/* Begin PBXContainerItemProxy section */
		2D23057A26F1FE520028CB07 /* PBXContainerItemProxy */ = {
			isa = PBXContainerItemProxy;
			containerPortal = 2D23055D26F1FE500028CB07 /* Project object */;
			proxyType = 1;
			remoteGlobalIDString = 2D23056826F1FE520028CB07;
			remoteInfo = "iOS-OSX-RustLibrary-Demo (iOS)";
		};
		2D23058526F1FE520028CB07 /* PBXContainerItemProxy */ = {
			isa = PBXContainerItemProxy;
			containerPortal = 2D23055D26F1FE500028CB07 /* Project object */;
			proxyType = 1;
			remoteGlobalIDString = 2D23057026F1FE520028CB07;
			remoteInfo = "iOS-OSX-RustLibrary-Demo (macOS)";
		};
/* End PBXContainerItemProxy section */

/* Begin PBXFileReference section */
		2D23056226F1FE510028CB07 /* iOS_OSX_RustLibrary_DemoApp.swift */ = {isa = PBXFileReference; lastKnownFileType = sourcecode.swift; path = iOS_OSX_RustLibrary_DemoApp.swift; sourceTree = "<group>"; };
		2D23056326F1FE510028CB07 /* ContentView.swift */ = {isa = PBXFileReference; lastKnownFileType = sourcecode.swift; path = ContentView.swift; sourceTree = "<group>"; };
		2D23056426F1FE520028CB07 /* Assets.xcassets */ = {isa = PBXFileReference; lastKnownFileType = folder.assetcatalog; path = Assets.xcassets; sourceTree = "<group>"; };
		2D23056926F1FE520028CB07 /* iOS-OSX-RustLibrary-Demo.app */ = {isa = PBXFileReference; explicitFileType = wrapper.application; includeInIndex = 0; path = "iOS-OSX-RustLibrary-Demo.app"; sourceTree = BUILT_PRODUCTS_DIR; };
		2D23056C26F1FE520028CB07 /* Info.plist */ = {isa = PBXFileReference; lastKnownFileType = text.plist.xml; path = Info.plist; sourceTree = "<group>"; };
		2D23057126F1FE520028CB07 /* iOS-OSX-RustLibrary-Demo.app */ = {isa = PBXFileReference; explicitFileType = wrapper.application; includeInIndex = 0; path = "iOS-OSX-RustLibrary-Demo.app"; sourceTree = BUILT_PRODUCTS_DIR; };
		2D23057326F1FE520028CB07 /* Info.plist */ = {isa = PBXFileReference; lastKnownFileType = text.plist.xml; path = Info.plist; sourceTree = "<group>"; };
		2D23057426F1FE520028CB07 /* macOS.entitlements */ = {isa = PBXFileReference; lastKnownFileType = text.plist.entitlements; path = macOS.entitlements; sourceTree = "<group>"; };
		2D23057926F1FE520028CB07 /* Tests iOS.xctest */ = {isa = PBXFileReference; explicitFileType = wrapper.cfbundle; includeInIndex = 0; path = "Tests iOS.xctest"; sourceTree = BUILT_PRODUCTS_DIR; };
		2D23057D26F1FE520028CB07 /* Tests_iOS.swift */ = {isa = PBXFileReference; lastKnownFileType = sourcecode.swift; path = Tests_iOS.swift; sourceTree = "<group>"; };
		2D23057F26F1FE520028CB07 /* Info.plist */ = {isa = PBXFileReference; lastKnownFileType = text.plist.xml; path = Info.plist; sourceTree = "<group>"; };
		2D23058426F1FE520028CB07 /* Tests macOS.xctest */ = {isa = PBXFileReference; explicitFileType = wrapper.cfbundle; includeInIndex = 0; path = "Tests macOS.xctest"; sourceTree = BUILT_PRODUCTS_DIR; };
		2D23058826F1FE520028CB07 /* Tests_macOS.swift */ = {isa = PBXFileReference; lastKnownFileType = sourcecode.swift; path = Tests_macOS.swift; sourceTree = "<group>"; };
		2D23058A26F1FE520028CB07 /* Info.plist */ = {isa = PBXFileReference; lastKnownFileType = text.plist.xml; path = Info.plist; sourceTree = "<group>"; };
		2D2305A726F208710028CB07 /* libRustLibrary.a */ = {isa = PBXFileReference; lastKnownFileType = archive.ar; name = libRustLibrary.a; path = RustLibrary/target/universal/release/libRustLibrary.a; sourceTree = "<group>"; };
		2D2305A926F2087E0028CB07 /* README.md */ = {isa = PBXFileReference; fileEncoding = 4; lastKnownFileType = net.daringfireball.markdown; path = README.md; sourceTree = "<group>"; };
		2D2305AB26F208C40028CB07 /* libresolv.tbd */ = {isa = PBXFileReference; lastKnownFileType = "sourcecode.text-based-dylib-definition"; name = libresolv.tbd; path = Platforms/iPhoneOS.platform/Developer/SDKs/iPhoneOS14.5.sdk/usr/lib/libresolv.tbd; sourceTree = DEVELOPER_DIR; };
		2D2305AD26F2090E0028CB07 /* Bridging-Header.h */ = {isa = PBXFileReference; lastKnownFileType = sourcecode.c.h; path = "Bridging-Header.h"; sourceTree = "<group>"; };
		2D2305AE26F20AD70028CB07 /* RustLibraryInterface.swift */ = {isa = PBXFileReference; lastKnownFileType = sourcecode.swift; path = RustLibraryInterface.swift; sourceTree = "<group>"; };
		2D8D915526F213DB004DD4BB /* libresolv.tbd */ = {isa = PBXFileReference; lastKnownFileType = "sourcecode.text-based-dylib-definition"; name = libresolv.tbd; path = usr/lib/libresolv.tbd; sourceTree = SDKROOT; };
		2D8D915926F21C50004DD4BB /* Cargo.toml */ = {isa = PBXFileReference; fileEncoding = 4; lastKnownFileType = text; path = Cargo.toml; sourceTree = "<group>"; };
		2D8D927226F21C50004DD4BB /* lib.rs */ = {isa = PBXFileReference; fileEncoding = 4; lastKnownFileType = text; path = lib.rs; sourceTree = "<group>"; };
		2D8D927326F21C50004DD4BB /* RustLibrary.h */ = {isa = PBXFileReference; fileEncoding = 4; lastKnownFileType = sourcecode.c.h; path = RustLibrary.h; sourceTree = "<group>"; };
		2D8D935026F21DB5004DD4BB /* libSystem.tbd */ = {isa = PBXFileReference; lastKnownFileType = "sourcecode.text-based-dylib-definition"; name = libSystem.tbd; path = usr/lib/libSystem.tbd; sourceTree = SDKROOT; };
		2D8D935226F220BF004DD4BB /* librust_library.a */ = {isa = PBXFileReference; lastKnownFileType = archive.ar; name = librust_library.a; path = rust_library/target/universal/debug/librust_library.a; sourceTree = "<group>"; };
/* End PBXFileReference section */

/* Begin PBXFrameworksBuildPhase section */
		2D23056626F1FE520028CB07 /* Frameworks */ = {
			isa = PBXFrameworksBuildPhase;
			buildActionMask = 2147483647;
			files = (
				2DD8598F26F2443500A86606 /* RustLibrary in Frameworks */,
				2D2305AC26F208C40028CB07 /* libresolv.tbd in Frameworks */,
			);
			runOnlyForDeploymentPostprocessing = 0;
		};
		2D23056E26F1FE520028CB07 /* Frameworks */ = {
			isa = PBXFrameworksBuildPhase;
			buildActionMask = 2147483647;
			files = (
				2D8D915626F213DB004DD4BB /* libresolv.tbd in Frameworks */,
			);
			runOnlyForDeploymentPostprocessing = 0;
		};
		2D23057626F1FE520028CB07 /* Frameworks */ = {
			isa = PBXFrameworksBuildPhase;
			buildActionMask = 2147483647;
			files = (
			);
			runOnlyForDeploymentPostprocessing = 0;
		};
		2D23058126F1FE520028CB07 /* Frameworks */ = {
			isa = PBXFrameworksBuildPhase;
			buildActionMask = 2147483647;
			files = (
			);
			runOnlyForDeploymentPostprocessing = 0;
		};
/* End PBXFrameworksBuildPhase section */

/* Begin PBXGroup section */
		2D23055C26F1FE500028CB07 = {
			isa = PBXGroup;
			children = (
				2D2305A926F2087E0028CB07 /* README.md */,
				2D23056126F1FE510028CB07 /* Shared */,
				2D23056B26F1FE520028CB07 /* iOS */,
				2D23057226F1FE520028CB07 /* macOS */,
				2D8D915826F21C50004DD4BB /* rust_library */,
				2D23057C26F1FE520028CB07 /* Tests iOS */,
				2D23058726F1FE520028CB07 /* Tests macOS */,
				2D23056A26F1FE520028CB07 /* Products */,
				2D2305A626F208710028CB07 /* Frameworks */,
			);
			sourceTree = "<group>";
		};
		2D23056126F1FE510028CB07 /* Shared */ = {
			isa = PBXGroup;
			children = (
				2D23056226F1FE510028CB07 /* iOS_OSX_RustLibrary_DemoApp.swift */,
				2D23056326F1FE510028CB07 /* ContentView.swift */,
				2D23056426F1FE520028CB07 /* Assets.xcassets */,
				2D2305AD26F2090E0028CB07 /* Bridging-Header.h */,
				2D2305AE26F20AD70028CB07 /* RustLibraryInterface.swift */,
			);
			path = Shared;
			sourceTree = "<group>";
		};
		2D23056A26F1FE520028CB07 /* Products */ = {
			isa = PBXGroup;
			children = (
				2D23056926F1FE520028CB07 /* iOS-OSX-RustLibrary-Demo.app */,
				2D23057126F1FE520028CB07 /* iOS-OSX-RustLibrary-Demo.app */,
				2D23057926F1FE520028CB07 /* Tests iOS.xctest */,
				2D23058426F1FE520028CB07 /* Tests macOS.xctest */,
			);
			name = Products;
			sourceTree = "<group>";
		};
		2D23056B26F1FE520028CB07 /* iOS */ = {
			isa = PBXGroup;
			children = (
				2D23056C26F1FE520028CB07 /* Info.plist */,
			);
			path = iOS;
			sourceTree = "<group>";
		};
		2D23057226F1FE520028CB07 /* macOS */ = {
			isa = PBXGroup;
			children = (
				2D23057326F1FE520028CB07 /* Info.plist */,
				2D23057426F1FE520028CB07 /* macOS.entitlements */,
			);
			path = macOS;
			sourceTree = "<group>";
		};
		2D23057C26F1FE520028CB07 /* Tests iOS */ = {
			isa = PBXGroup;
			children = (
				2D23057D26F1FE520028CB07 /* Tests_iOS.swift */,
				2D23057F26F1FE520028CB07 /* Info.plist */,
			);
			path = "Tests iOS";
			sourceTree = "<group>";
		};
		2D23058726F1FE520028CB07 /* Tests macOS */ = {
			isa = PBXGroup;
			children = (
				2D23058826F1FE520028CB07 /* Tests_macOS.swift */,
				2D23058A26F1FE520028CB07 /* Info.plist */,
			);
			path = "Tests macOS";
			sourceTree = "<group>";
		};
		2D2305A626F208710028CB07 /* Frameworks */ = {
			isa = PBXGroup;
			children = (
				2D8D935226F220BF004DD4BB /* librust_library.a */,
				2D8D935026F21DB5004DD4BB /* libSystem.tbd */,
				2D2305AB26F208C40028CB07 /* libresolv.tbd */,
				2D8D915526F213DB004DD4BB /* libresolv.tbd */,
				2D2305A726F208710028CB07 /* libRustLibrary.a */,
			);
			name = Frameworks;
			sourceTree = "<group>";
		};
		2D8D915826F21C50004DD4BB /* rust_library */ = {
			isa = PBXGroup;
			children = (
				2D8D915926F21C50004DD4BB /* Cargo.toml */,
				2D8D927126F21C50004DD4BB /* src */,
			);
			path = rust_library;
			sourceTree = "<group>";
		};
		2D8D927126F21C50004DD4BB /* src */ = {
			isa = PBXGroup;
			children = (
				2D8D927226F21C50004DD4BB /* lib.rs */,
				2D8D927326F21C50004DD4BB /* RustLibrary.h */,
			);
			path = src;
			sourceTree = "<group>";
		};
/* End PBXGroup section */

/* Begin PBXNativeTarget section */
		2D23056826F1FE520028CB07 /* iOS-Demo (iOS) */ = {
			isa = PBXNativeTarget;
			buildConfigurationList = 2D23059326F1FE520028CB07 /* Build configuration list for PBXNativeTarget "iOS-Demo (iOS)" */;
			buildPhases = (
				2D2305B026F20DB50028CB07 /* Build Rust Library */,
				2D23056526F1FE520028CB07 /* Sources */,
				2D23056626F1FE520028CB07 /* Frameworks */,
				2D23056726F1FE520028CB07 /* Resources */,
			);
			buildRules = (
			);
			dependencies = (
			);
			name = "iOS-Demo (iOS)";
			packageProductDependencies = (
				2DD8598E26F2443500A86606 /* RustLibrary */,
			);
			productName = "iOS-OSX-RustLibrary-Demo (iOS)";
			productReference = 2D23056926F1FE520028CB07 /* iOS-OSX-RustLibrary-Demo.app */;
			productType = "com.apple.product-type.application";
		};
		2D23057026F1FE520028CB07 /* OSX-Demo (macOS) */ = {
			isa = PBXNativeTarget;
			buildConfigurationList = 2D23059626F1FE520028CB07 /* Build configuration list for PBXNativeTarget "OSX-Demo (macOS)" */;
			buildPhases = (
				2D8D915726F21555004DD4BB /* Build Rust Library */,
				2D23056D26F1FE520028CB07 /* Sources */,
				2D23056E26F1FE520028CB07 /* Frameworks */,
				2D23056F26F1FE520028CB07 /* Resources */,
			);
			buildRules = (
			);
			dependencies = (
			);
			name = "OSX-Demo (macOS)";
			productName = "iOS-OSX-RustLibrary-Demo (macOS)";
			productReference = 2D23057126F1FE520028CB07 /* iOS-OSX-RustLibrary-Demo.app */;
			productType = "com.apple.product-type.application";
		};
		2D23057826F1FE520028CB07 /* Tests iOS */ = {
			isa = PBXNativeTarget;
			buildConfigurationList = 2D23059926F1FE520028CB07 /* Build configuration list for PBXNativeTarget "Tests iOS" */;
			buildPhases = (
				2D23057526F1FE520028CB07 /* Sources */,
				2D23057626F1FE520028CB07 /* Frameworks */,
				2D23057726F1FE520028CB07 /* Resources */,
			);
			buildRules = (
			);
			dependencies = (
				2D23057B26F1FE520028CB07 /* PBXTargetDependency */,
			);
			name = "Tests iOS";
			productName = "Tests iOS";
			productReference = 2D23057926F1FE520028CB07 /* Tests iOS.xctest */;
			productType = "com.apple.product-type.bundle.ui-testing";
		};
		2D23058326F1FE520028CB07 /* Tests macOS */ = {
			isa = PBXNativeTarget;
			buildConfigurationList = 2D23059C26F1FE520028CB07 /* Build configuration list for PBXNativeTarget "Tests macOS" */;
			buildPhases = (
				2D23058026F1FE520028CB07 /* Sources */,
				2D23058126F1FE520028CB07 /* Frameworks */,
				2D23058226F1FE520028CB07 /* Resources */,
			);
			buildRules = (
			);
			dependencies = (
				2D23058626F1FE520028CB07 /* PBXTargetDependency */,
			);
			name = "Tests macOS";
			productName = "Tests macOS";
			productReference = 2D23058426F1FE520028CB07 /* Tests macOS.xctest */;
			productType = "com.apple.product-type.bundle.ui-testing";
		};
/* End PBXNativeTarget section */

/* Begin PBXProject section */
		2D23055D26F1FE500028CB07 /* Project object */ = {
			isa = PBXProject;
			attributes = {
				LastSwiftUpdateCheck = 1250;
				LastUpgradeCheck = 1250;
				TargetAttributes = {
					2D23056826F1FE520028CB07 = {
						CreatedOnToolsVersion = 12.5;
					};
					2D23057026F1FE520028CB07 = {
						CreatedOnToolsVersion = 12.5;
					};
					2D23057826F1FE520028CB07 = {
						CreatedOnToolsVersion = 12.5;
						TestTargetID = 2D23056826F1FE520028CB07;
					};
					2D23058326F1FE520028CB07 = {
						CreatedOnToolsVersion = 12.5;
						TestTargetID = 2D23057026F1FE520028CB07;
					};
				};
			};
			buildConfigurationList = 2D23056026F1FE500028CB07 /* Build configuration list for PBXProject "iOS-OSX-RustLibrary-Demo" */;
			compatibilityVersion = "Xcode 9.3";
			developmentRegion = en;
			hasScannedForEncodings = 0;
			knownRegions = (
				en,
				Base,
			);
			mainGroup = 2D23055C26F1FE500028CB07;
			productRefGroup = 2D23056A26F1FE520028CB07 /* Products */;
			projectDirPath = "";
			projectRoot = "";
			targets = (
				2D23056826F1FE520028CB07 /* iOS-Demo (iOS) */,
				2D23057026F1FE520028CB07 /* OSX-Demo (macOS) */,
				2D23057826F1FE520028CB07 /* Tests iOS */,
				2D23058326F1FE520028CB07 /* Tests macOS */,
			);
		};
/* End PBXProject section */

/* Begin PBXResourcesBuildPhase section */
		2D23056726F1FE520028CB07 /* Resources */ = {
			isa = PBXResourcesBuildPhase;
			buildActionMask = 2147483647;
			files = (
				2D8D927426F21C50004DD4BB /* Cargo.toml in Resources */,
				2D8D934F26F21C52004DD4BB /* lib.rs in Resources */,
				2D2305AA26F2087E0028CB07 /* README.md in Resources */,
				2D23058F26F1FE520028CB07 /* Assets.xcassets in Resources */,
			);
			runOnlyForDeploymentPostprocessing = 0;
		};
		2D23056F26F1FE520028CB07 /* Resources */ = {
			isa = PBXResourcesBuildPhase;
			buildActionMask = 2147483647;
			files = (
				2D23059026F1FE520028CB07 /* Assets.xcassets in Resources */,
			);
			runOnlyForDeploymentPostprocessing = 0;
		};
		2D23057726F1FE520028CB07 /* Resources */ = {
			isa = PBXResourcesBuildPhase;
			buildActionMask = 2147483647;
			files = (
			);
			runOnlyForDeploymentPostprocessing = 0;
		};
		2D23058226F1FE520028CB07 /* Resources */ = {
			isa = PBXResourcesBuildPhase;
			buildActionMask = 2147483647;
			files = (
			);
			runOnlyForDeploymentPostprocessing = 0;
		};
/* End PBXResourcesBuildPhase section */

/* Begin PBXShellScriptBuildPhase section */
		2D2305B026F20DB50028CB07 /* Build Rust Library */ = {
			isa = PBXShellScriptBuildPhase;
			alwaysOutOfDate = 1;
			buildActionMask = 2147483647;
			files = (
			);
			inputFileListPaths = (
			);
			inputPaths = (
			);
			name = "Build Rust Library";
			outputFileListPaths = (
			);
			outputPaths = (
			);
			runOnlyForDeploymentPostprocessing = 0;
			shellPath = /bin/sh;
			shellScript = "set -x\n\n(cd rust_library; RUST_LOG=debug $HOME/.cargo/bin/cargo lipo --xcode-integ -v -vv)\n";
		};
		2D8D915726F21555004DD4BB /* Build Rust Library */ = {
			isa = PBXShellScriptBuildPhase;
			buildActionMask = 2147483647;
			files = (
			);
			inputFileListPaths = (
			);
			inputPaths = (
			);
			name = "Build Rust Library";
			outputFileListPaths = (
			);
			outputPaths = (
			);
			runOnlyForDeploymentPostprocessing = 0;
			shellPath = /bin/sh;
			shellScript = "set -x\n\n# For reference see https://github.com/TimNN/cargo-lipo/issu\nif [[ -n \"${DEVELOPER_SDK_DIR:-}\" ]]; then\n  # Assume we're in Xcode, which means we're probably cross-compiling.\n  # In this case, we need to add an extra library search path for build scripts and proc-macros,\n  # which run on the host instead of the target.\n  # (macOS Big Sur does not have linkable libraries in /usr/lib/.)\n  export LIBRARY_PATH=\"${DEVELOPER_SDK_DIR}/MacOSX.sdk/usr/lib:${LIBRARY_PATH:-}\"\nfi\n\n(cd rust_library; RUST_LOG=debug $HOME/.cargo/bin/cargo lipo --xcode-integ -v -vv)\n";
		};
/* End PBXShellScriptBuildPhase section */

/* Begin PBXSourcesBuildPhase section */
		2D23056526F1FE520028CB07 /* Sources */ = {
			isa = PBXSourcesBuildPhase;
			buildActionMask = 2147483647;
			files = (
				2D2305AF26F20AD70028CB07 /* RustLibraryInterface.swift in Sources */,
				2D23058D26F1FE520028CB07 /* ContentView.swift in Sources */,
				2D23058B26F1FE520028CB07 /* iOS_OSX_RustLibrary_DemoApp.swift in Sources */,
			);
			runOnlyForDeploymentPostprocessing = 0;
		};
		2D23056D26F1FE520028CB07 /* Sources */ = {
			isa = PBXSourcesBuildPhase;
			buildActionMask = 2147483647;
			files = (
				2D8D915326F213AD004DD4BB /* RustLibraryInterface.swift in Sources */,
				2D23058E26F1FE520028CB07 /* ContentView.swift in Sources */,
				2D23058C26F1FE520028CB07 /* iOS_OSX_RustLibrary_DemoApp.swift in Sources */,
			);
			runOnlyForDeploymentPostprocessing = 0;
		};
		2D23057526F1FE520028CB07 /* Sources */ = {
			isa = PBXSourcesBuildPhase;
			buildActionMask = 2147483647;
			files = (
				2D23057E26F1FE520028CB07 /* Tests_iOS.swift in Sources */,
			);
			runOnlyForDeploymentPostprocessing = 0;
		};
		2D23058026F1FE520028CB07 /* Sources */ = {
			isa = PBXSourcesBuildPhase;
			buildActionMask = 2147483647;
			files = (
				2D23058926F1FE520028CB07 /* Tests_macOS.swift in Sources */,
			);
			runOnlyForDeploymentPostprocessing = 0;
		};
/* End PBXSourcesBuildPhase section */

/* Begin PBXTargetDependency section */
		2D23057B26F1FE520028CB07 /* PBXTargetDependency */ = {
			isa = PBXTargetDependency;
			target = 2D23056826F1FE520028CB07 /* iOS-Demo (iOS) */;
			targetProxy = 2D23057A26F1FE520028CB07 /* PBXContainerItemProxy */;
		};
		2D23058626F1FE520028CB07 /* PBXTargetDependency */ = {
			isa = PBXTargetDependency;
			target = 2D23057026F1FE520028CB07 /* OSX-Demo (macOS) */;
			targetProxy = 2D23058526F1FE520028CB07 /* PBXContainerItemProxy */;
		};
/* End PBXTargetDependency section */

/* Begin XCBuildConfiguration section */
		2D23059126F1FE520028CB07 /* Debug */ = {
			isa = XCBuildConfiguration;
			buildSettings = {
				ALWAYS_SEARCH_USER_PATHS = NO;
				CLANG_ANALYZER_NONNULL = YES;
				CLANG_ANALYZER_NUMBER_OBJECT_CONVERSION = YES_AGGRESSIVE;
				CLANG_CXX_LANGUAGE_STANDARD = "gnu++14";
				CLANG_CXX_LIBRARY = "libc++";
				CLANG_ENABLE_MODULES = YES;
				CLANG_ENABLE_OBJC_ARC = YES;
				CLANG_ENABLE_OBJC_WEAK = YES;
				CLANG_WARN_BLOCK_CAPTURE_AUTORELEASING = YES;
				CLANG_WARN_BOOL_CONVERSION = YES;
				CLANG_WARN_COMMA = YES;
				CLANG_WARN_CONSTANT_CONVERSION = YES;
				CLANG_WARN_DEPRECATED_OBJC_IMPLEMENTATIONS = YES;
				CLANG_WARN_DIRECT_OBJC_ISA_USAGE = YES_ERROR;
				CLANG_WARN_DOCUMENTATION_COMMENTS = YES;
				CLANG_WARN_EMPTY_BODY = YES;
				CLANG_WARN_ENUM_CONVERSION = YES;
				CLANG_WARN_INFINITE_RECURSION = YES;
				CLANG_WARN_INT_CONVERSION = YES;
				CLANG_WARN_NON_LITERAL_NULL_CONVERSION = YES;
				CLANG_WARN_OBJC_IMPLICIT_RETAIN_SELF = YES;
				CLANG_WARN_OBJC_LITERAL_CONVERSION = YES;
				CLANG_WARN_OBJC_ROOT_CLASS = YES_ERROR;
				CLANG_WARN_QUOTED_INCLUDE_IN_FRAMEWORK_HEADER = YES;
				CLANG_WARN_RANGE_LOOP_ANALYSIS = YES;
				CLANG_WARN_STRICT_PROTOTYPES = YES;
				CLANG_WARN_SUSPICIOUS_MOVE = YES;
				CLANG_WARN_UNGUARDED_AVAILABILITY = YES_AGGRESSIVE;
				CLANG_WARN_UNREACHABLE_CODE = YES;
				CLANG_WARN__DUPLICATE_METHOD_MATCH = YES;
				COPY_PHASE_STRIP = NO;
				DEBUG_INFORMATION_FORMAT = dwarf;
				ENABLE_STRICT_OBJC_MSGSEND = YES;
				ENABLE_TESTABILITY = YES;
				GCC_C_LANGUAGE_STANDARD = gnu11;
				GCC_DYNAMIC_NO_PIC = NO;
				GCC_NO_COMMON_BLOCKS = YES;
				GCC_OPTIMIZATION_LEVEL = 0;
				GCC_PREPROCESSOR_DEFINITIONS = (
					"DEBUG=1",
					"$(inherited)",
				);
				GCC_WARN_64_TO_32_BIT_CONVERSION = YES;
				GCC_WARN_ABOUT_RETURN_TYPE = YES_ERROR;
				GCC_WARN_UNDECLARED_SELECTOR = YES;
				GCC_WARN_UNINITIALIZED_AUTOS = YES_AGGRESSIVE;
				GCC_WARN_UNUSED_FUNCTION = YES;
				GCC_WARN_UNUSED_VARIABLE = YES;
				LIBRARY_SEARCH_PATHS = "$(PROJECT_DIR)/rust_library/target/universal/debug";
				"LIBRARY_SEARCH_PATHS[sdk=iphoneos*][arch=arm64]" = "$(PROJECT_DIR)/rust_library/target/aarch64-apple-ios/debug";
				"LIBRARY_SEARCH_PATHS[sdk=iphoneos*][arch=x86_64]" = "$(PROJECT_DIR)/rust_library/target/x86_64-apple-ios/debug";
				"LIBRARY_SEARCH_PATHS[sdk=macosx*][arch=arm64]" = "$(PROJECT_DIR)/rust_library/target/aarch64-apple-darwin/debug";
				"LIBRARY_SEARCH_PATHS[sdk=macosx*][arch=x86_64]" = "$(PROJECT_DIR)/rust_library/target/x86_64-apple-darwin/debug";
				MTL_ENABLE_DEBUG_INFO = INCLUDE_SOURCE;
				MTL_FAST_MATH = YES;
				ONLY_ACTIVE_ARCH = YES;
				OTHER_LDFLAGS = "-lrust_library";
				SWIFT_ACTIVE_COMPILATION_CONDITIONS = DEBUG;
				SWIFT_OBJC_BRIDGING_HEADER = "$(PROJECT_DIR)/Shared/Bridging-Header.h";
				SWIFT_OPTIMIZATION_LEVEL = "-Onone";
			};
			name = Debug;
		};
		2D23059226F1FE520028CB07 /* Release */ = {
			isa = XCBuildConfiguration;
			buildSettings = {
				ALWAYS_SEARCH_USER_PATHS = NO;
				CLANG_ANALYZER_NONNULL = YES;
				CLANG_ANALYZER_NUMBER_OBJECT_CONVERSION = YES_AGGRESSIVE;
				CLANG_CXX_LANGUAGE_STANDARD = "gnu++14";
				CLANG_CXX_LIBRARY = "libc++";
				CLANG_ENABLE_MODULES = YES;
				CLANG_ENABLE_OBJC_ARC = YES;
				CLANG_ENABLE_OBJC_WEAK = YES;
				CLANG_WARN_BLOCK_CAPTURE_AUTORELEASING = YES;
				CLANG_WARN_BOOL_CONVERSION = YES;
				CLANG_WARN_COMMA = YES;
				CLANG_WARN_CONSTANT_CONVERSION = YES;
				CLANG_WARN_DEPRECATED_OBJC_IMPLEMENTATIONS = YES;
				CLANG_WARN_DIRECT_OBJC_ISA_USAGE = YES_ERROR;
				CLANG_WARN_DOCUMENTATION_COMMENTS = YES;
				CLANG_WARN_EMPTY_BODY = YES;
				CLANG_WARN_ENUM_CONVERSION = YES;
				CLANG_WARN_INFINITE_RECURSION = YES;
				CLANG_WARN_INT_CONVERSION = YES;
				CLANG_WARN_NON_LITERAL_NULL_CONVERSION = YES;
				CLANG_WARN_OBJC_IMPLICIT_RETAIN_SELF = YES;
				CLANG_WARN_OBJC_LITERAL_CONVERSION = YES;
				CLANG_WARN_OBJC_ROOT_CLASS = YES_ERROR;
				CLANG_WARN_QUOTED_INCLUDE_IN_FRAMEWORK_HEADER = YES;
				CLANG_WARN_RANGE_LOOP_ANALYSIS = YES;
				CLANG_WARN_STRICT_PROTOTYPES = YES;
				CLANG_WARN_SUSPICIOUS_MOVE = YES;
				CLANG_WARN_UNGUARDED_AVAILABILITY = YES_AGGRESSIVE;
				CLANG_WARN_UNREACHABLE_CODE = YES;
				CLANG_WARN__DUPLICATE_METHOD_MATCH = YES;
				COPY_PHASE_STRIP = NO;
				DEBUG_INFORMATION_FORMAT = "dwarf-with-dsym";
				ENABLE_NS_ASSERTIONS = NO;
				ENABLE_STRICT_OBJC_MSGSEND = YES;
				GCC_C_LANGUAGE_STANDARD = gnu11;
				GCC_NO_COMMON_BLOCKS = YES;
				GCC_WARN_64_TO_32_BIT_CONVERSION = YES;
				GCC_WARN_ABOUT_RETURN_TYPE = YES_ERROR;
				GCC_WARN_UNDECLARED_SELECTOR = YES;
				GCC_WARN_UNINITIALIZED_AUTOS = YES_AGGRESSIVE;
				GCC_WARN_UNUSED_FUNCTION = YES;
				GCC_WARN_UNUSED_VARIABLE = YES;
				LIBRARY_SEARCH_PATHS = "$(PROJECT_DIR)/rust_library/target/universal/release";
				"LIBRARY_SEARCH_PATHS[sdk=iphoneos*][arch=arm64]" = "$(PROJECT_DIR)/rust_library/target/aarch64-apple-ios/release";
				"LIBRARY_SEARCH_PATHS[sdk=iphoneos*][arch=x86_64]" = "$(PROJECT_DIR)/rust_library/target/x86_64-apple-ios/release";
				"LIBRARY_SEARCH_PATHS[sdk=macosx*][arch=arm64]" = "$(PROJECT_DIR)/rust_library/target/aarch64-apple-darwin/release";
				"LIBRARY_SEARCH_PATHS[sdk=macosx*][arch=x86_64]" = "$(PROJECT_DIR)/rust_library/target/x86_64-apple-darwin/release";
				MTL_ENABLE_DEBUG_INFO = NO;
				MTL_FAST_MATH = YES;
				OTHER_LDFLAGS = "-lrust_library";
				SWIFT_COMPILATION_MODE = wholemodule;
				SWIFT_OBJC_BRIDGING_HEADER = "$(PROJECT_DIR)/Shared/Bridging-Header.h";
				SWIFT_OPTIMIZATION_LEVEL = "-O";
			};
			name = Release;
		};
		2D23059426F1FE520028CB07 /* Debug */ = {
			isa = XCBuildConfiguration;
			buildSettings = {
				ASSETCATALOG_COMPILER_APPICON_NAME = AppIcon;
				ASSETCATALOG_COMPILER_GLOBAL_ACCENT_COLOR_NAME = AccentColor;
				CODE_SIGN_STYLE = Automatic;
				DEVELOPMENT_TEAM = 99SY58SLAZ;
				ENABLE_BITCODE = NO;
				ENABLE_PREVIEWS = YES;
				INFOPLIST_FILE = iOS/Info.plist;
				IPHONEOS_DEPLOYMENT_TARGET = 14.0;
				LD_RUNPATH_SEARCH_PATHS = (
					"$(inherited)",
					"@executable_path/Frameworks",
				);
				LIBRARY_SEARCH_PATHS = (
					"$(inherited)",
					"$(PROJECT_DIR)/rust_library/target/x86_64-apple-darwin/release",
					"$(PROJECT_DIR)/rust_library/target/x86_64-apple-darwin/release/deps",
					"$(PROJECT_DIR)/rust_library/target/x86_64-apple-darwin/debug/deps",
					"$(PROJECT_DIR)/rust_library/target/aarch64-apple-darwin/release",
					"$(PROJECT_DIR)/rust_library/target/aarch64-apple-darwin/release/deps",
					"$(PROJECT_DIR)/rust_library/target/universal/release",
					"$(PROJECT_DIR)/rust_library/target/universal/debug",
					"$(PROJECT_DIR)/rust_library/target/aarch64-apple-ios/debug",
					"$(PROJECT_DIR)/rust_library/target/aarch64-apple-ios/debug/deps",
					"$(PROJECT_DIR)/rust_library/target/x86_64-apple-ios/debug",
					"$(PROJECT_DIR)/rust_library/target/x86_64-apple-ios/debug/deps",
				);
				PRODUCT_BUNDLE_IDENTIFIER = "com.nodemaker.iOS-OSX-RustLibrary-Demo";
				PRODUCT_NAME = "iOS-OSX-RustLibrary-Demo";
				SDKROOT = iphoneos;
				SWIFT_VERSION = 5.0;
				TARGETED_DEVICE_FAMILY = "1,2";
			};
			name = Debug;
		};
		2D23059526F1FE520028CB07 /* Release */ = {
			isa = XCBuildConfiguration;
			buildSettings = {
				ASSETCATALOG_COMPILER_APPICON_NAME = AppIcon;
				ASSETCATALOG_COMPILER_GLOBAL_ACCENT_COLOR_NAME = AccentColor;
				CODE_SIGN_STYLE = Automatic;
				DEVELOPMENT_TEAM = 99SY58SLAZ;
				ENABLE_BITCODE = NO;
				ENABLE_PREVIEWS = YES;
				INFOPLIST_FILE = iOS/Info.plist;
				IPHONEOS_DEPLOYMENT_TARGET = 14.0;
				LD_RUNPATH_SEARCH_PATHS = (
					"$(inherited)",
					"@executable_path/Frameworks",
				);
				LIBRARY_SEARCH_PATHS = (
					"$(inherited)",
					"$(PROJECT_DIR)/rust_library/target/x86_64-apple-darwin/release",
					"$(PROJECT_DIR)/rust_library/target/x86_64-apple-darwin/release/deps",
					"$(PROJECT_DIR)/rust_library/target/x86_64-apple-darwin/debug/deps",
					"$(PROJECT_DIR)/rust_library/target/aarch64-apple-darwin/release",
					"$(PROJECT_DIR)/rust_library/target/aarch64-apple-darwin/release/deps",
					"$(PROJECT_DIR)/rust_library/target/universal/release",
					"$(PROJECT_DIR)/rust_library/target/universal/debug",
					"$(PROJECT_DIR)/rust_library/target/aarch64-apple-ios/debug",
					"$(PROJECT_DIR)/rust_library/target/aarch64-apple-ios/debug/deps",
					"$(PROJECT_DIR)/rust_library/target/x86_64-apple-ios/debug",
					"$(PROJECT_DIR)/rust_library/target/x86_64-apple-ios/debug/deps",
				);
				PRODUCT_BUNDLE_IDENTIFIER = "com.nodemaker.iOS-OSX-RustLibrary-Demo";
				PRODUCT_NAME = "iOS-OSX-RustLibrary-Demo";
				SDKROOT = iphoneos;
				SWIFT_VERSION = 5.0;
				TARGETED_DEVICE_FAMILY = "1,2";
				VALIDATE_PRODUCT = YES;
			};
			name = Release;
		};
		2D23059726F1FE520028CB07 /* Debug */ = {
			isa = XCBuildConfiguration;
			buildSettings = {
				ASSETCATALOG_COMPILER_APPICON_NAME = AppIcon;
				ASSETCATALOG_COMPILER_GLOBAL_ACCENT_COLOR_NAME = AccentColor;
				CODE_SIGN_ENTITLEMENTS = macOS/macOS.entitlements;
				CODE_SIGN_IDENTITY = "Apple Development";
				CODE_SIGN_STYLE = Automatic;
				COMBINE_HIDPI_IMAGES = YES;
				DEVELOPMENT_TEAM = 99SY58SLAZ;
				ENABLE_PREVIEWS = YES;
				INFOPLIST_FILE = macOS/Info.plist;
				LD_RUNPATH_SEARCH_PATHS = (
					"$(inherited)",
					"@executable_path/../Frameworks",
				);
				MACOSX_DEPLOYMENT_TARGET = 11.0;
				PRODUCT_BUNDLE_IDENTIFIER = "com.nodemaker.iOS-OSX-RustLibrary-Demo";
				PRODUCT_NAME = "iOS-OSX-RustLibrary-Demo";
				SDKROOT = macosx;
				SWIFT_VERSION = 5.0;
			};
			name = Debug;
		};
		2D23059826F1FE520028CB07 /* Release */ = {
			isa = XCBuildConfiguration;
			buildSettings = {
				ASSETCATALOG_COMPILER_APPICON_NAME = AppIcon;
				ASSETCATALOG_COMPILER_GLOBAL_ACCENT_COLOR_NAME = AccentColor;
				CODE_SIGN_ENTITLEMENTS = macOS/macOS.entitlements;
				CODE_SIGN_IDENTITY = "Apple Development";
				CODE_SIGN_STYLE = Automatic;
				COMBINE_HIDPI_IMAGES = YES;
				DEVELOPMENT_TEAM = 99SY58SLAZ;
				ENABLE_PREVIEWS = YES;
				INFOPLIST_FILE = macOS/Info.plist;
				LD_RUNPATH_SEARCH_PATHS = (
					"$(inherited)",
					"@executable_path/../Frameworks",
				);
				MACOSX_DEPLOYMENT_TARGET = 11.0;
				PRODUCT_BUNDLE_IDENTIFIER = "com.nodemaker.iOS-OSX-RustLibrary-Demo";
				PRODUCT_NAME = "iOS-OSX-RustLibrary-Demo";
				SDKROOT = macosx;
				SWIFT_VERSION = 5.0;
			};
			name = Release;
		};
		2D23059A26F1FE520028CB07 /* Debug */ = {
			isa = XCBuildConfiguration;
			buildSettings = {
				ALWAYS_EMBED_SWIFT_STANDARD_LIBRARIES = YES;
				CODE_SIGN_STYLE = Automatic;
				INFOPLIST_FILE = "Tests iOS/Info.plist";
				IPHONEOS_DEPLOYMENT_TARGET = 14.5;
				LD_RUNPATH_SEARCH_PATHS = (
					"$(inherited)",
					"@executable_path/Frameworks",
					"@loader_path/Frameworks",
				);
				PRODUCT_BUNDLE_IDENTIFIER = "com.nodemaker.Tests-iOS";
				PRODUCT_NAME = "$(TARGET_NAME)";
				SDKROOT = iphoneos;
				SWIFT_VERSION = 5.0;
				TARGETED_DEVICE_FAMILY = "1,2";
				TEST_TARGET_NAME = "iOS-OSX-RustLibrary-Demo (iOS)";
			};
			name = Debug;
		};
		2D23059B26F1FE520028CB07 /* Release */ = {
			isa = XCBuildConfiguration;
			buildSettings = {
				ALWAYS_EMBED_SWIFT_STANDARD_LIBRARIES = YES;
				CODE_SIGN_STYLE = Automatic;
				INFOPLIST_FILE = "Tests iOS/Info.plist";
				IPHONEOS_DEPLOYMENT_TARGET = 14.5;
				LD_RUNPATH_SEARCH_PATHS = (
					"$(inherited)",
					"@executable_path/Frameworks",
					"@loader_path/Frameworks",
				);
				PRODUCT_BUNDLE_IDENTIFIER = "com.nodemaker.Tests-iOS";
				PRODUCT_NAME = "$(TARGET_NAME)";
				SDKROOT = iphoneos;
				SWIFT_VERSION = 5.0;
				TARGETED_DEVICE_FAMILY = "1,2";
				TEST_TARGET_NAME = "iOS-OSX-RustLibrary-Demo (iOS)";
				VALIDATE_PRODUCT = YES;
			};
			name = Release;
		};
		2D23059D26F1FE520028CB07 /* Debug */ = {
			isa = XCBuildConfiguration;
			buildSettings = {
				ALWAYS_EMBED_SWIFT_STANDARD_LIBRARIES = YES;
				CODE_SIGN_STYLE = Automatic;
				COMBINE_HIDPI_IMAGES = YES;
				INFOPLIST_FILE = "Tests macOS/Info.plist";
				LD_RUNPATH_SEARCH_PATHS = (
					"$(inherited)",
					"@executable_path/../Frameworks",
					"@loader_path/../Frameworks",
				);
				MACOSX_DEPLOYMENT_TARGET = 11.2;
				PRODUCT_BUNDLE_IDENTIFIER = "com.nodemaker.Tests-macOS";
				PRODUCT_NAME = "$(TARGET_NAME)";
				SDKROOT = macosx;
				SWIFT_VERSION = 5.0;
				TEST_TARGET_NAME = "iOS-OSX-RustLibrary-Demo (macOS)";
			};
			name = Debug;
		};
		2D23059E26F1FE520028CB07 /* Release */ = {
			isa = XCBuildConfiguration;
			buildSettings = {
				ALWAYS_EMBED_SWIFT_STANDARD_LIBRARIES = YES;
				CODE_SIGN_STYLE = Automatic;
				COMBINE_HIDPI_IMAGES = YES;
				INFOPLIST_FILE = "Tests macOS/Info.plist";
				LD_RUNPATH_SEARCH_PATHS = (
					"$(inherited)",
					"@executable_path/../Frameworks",
					"@loader_path/../Frameworks",
				);
				MACOSX_DEPLOYMENT_TARGET = 11.2;
				PRODUCT_BUNDLE_IDENTIFIER = "com.nodemaker.Tests-macOS";
				PRODUCT_NAME = "$(TARGET_NAME)";
				SDKROOT = macosx;
				SWIFT_VERSION = 5.0;
				TEST_TARGET_NAME = "iOS-OSX-RustLibrary-Demo (macOS)";
			};
			name = Release;
		};
/* End XCBuildConfiguration section */

/* Begin XCConfigurationList section */
		2D23056026F1FE500028CB07 /* Build configuration list for PBXProject "iOS-OSX-RustLibrary-Demo" */ = {
			isa = XCConfigurationList;
			buildConfigurations = (
				2D23059126F1FE520028CB07 /* Debug */,
				2D23059226F1FE520028CB07 /* Release */,
			);
			defaultConfigurationIsVisible = 0;
			defaultConfigurationName = Release;
		};
		2D23059326F1FE520028CB07 /* Build configuration list for PBXNativeTarget "iOS-Demo (iOS)" */ = {
			isa = XCConfigurationList;
			buildConfigurations = (
				2D23059426F1FE520028CB07 /* Debug */,
				2D23059526F1FE520028CB07 /* Release */,
			);
			defaultConfigurationIsVisible = 0;
			defaultConfigurationName = Release;
		};
		2D23059626F1FE520028CB07 /* Build configuration list for PBXNativeTarget "OSX-Demo (macOS)" */ = {
			isa = XCConfigurationList;
			buildConfigurations = (
				2D23059726F1FE520028CB07 /* Debug */,
				2D23059826F1FE520028CB07 /* Release */,
			);
			defaultConfigurationIsVisible = 0;
			defaultConfigurationName = Release;
		};
		2D23059926F1FE520028CB07 /* Build configuration list for PBXNativeTarget "Tests iOS" */ = {
			isa = XCConfigurationList;
			buildConfigurations = (
				2D23059A26F1FE520028CB07 /* Debug */,
				2D23059B26F1FE520028CB07 /* Release */,
			);
			defaultConfigurationIsVisible = 0;
			defaultConfigurationName = Release;
		};
		2D23059C26F1FE520028CB07 /* Build configuration list for PBXNativeTarget "Tests macOS" */ = {
			isa = XCConfigurationList;
			buildConfigurations = (
				2D23059D26F1FE520028CB07 /* Debug */,
				2D23059E26F1FE520028CB07 /* Release */,
			);
			defaultConfigurationIsVisible = 0;
			defaultConfigurationName = Release;
		};
/* End XCConfigurationList section */

/* Begin XCSwiftPackageProductDependency section */
		2DD8598E26F2443500A86606 /* RustLibrary */ = {
			isa = XCSwiftPackageProductDependency;
			productName = RustLibrary;
		};
/* End XCSwiftPackageProductDependency section */
	};
	rootObject = 2D23055D26F1FE500028CB07 /* Project object */;
}
